{
  "name": "rag-lite-pdf-docs-example",
  "version": "1.0.0",
  "lockfileVersion": 3,
  "requires": true,
  "packages": {
    "": {
      "name": "rag-lite-pdf-docs-example",
      "version": "1.0.0",
      "license": "MIT",
      "dependencies": {
        "rag-lite-ts": "file:../../"
      }
    },
    "../..": {
      "version": "1.0.1",
      "license": "MIT",
      "dependencies": {
        "@huggingface/transformers": "^3.7.5",
        "@modelcontextprotocol/sdk": "^1.18.2",
        "hnswlib-wasm": "^0.8.2",
        "jsdom": "^27.0.0",
        "mammoth": "^1.11.0",
        "pdf-parse": "^2.1.10",
        "sqlite3": "^5.1.6"
      },
      "bin": {
        "raglite": "dist/cli.js",
        "raglite-mcp": "dist/mcp-server.js"
      },
      "devDependencies": {
        "@types/jsdom": "^21.1.7",
        "@types/node": "^20.11.0",
        "js-yaml": "^4.1.0",
        "rimraf": "^5.0.5",
        "typescript": "^5.3.0"
      },
      "engines": {
        "node": ">=18.0.0"
      }
    },
    "node_modules/rag-lite-ts": {
      "resolved": "../..",
      "link": true
    }
  }
}
